
Microsoft Visual Studio Solution File, Format Version 12.00
# Visual Studio 15
VisualStudioVersion = 15.0.28307.136
MinimumVisualStudioVersion = 10.0.40219.1
Project("{9A19103F-16F7-4668-BE54-9A1E7A4F7556}") = "GhuunAssignments", "GhuunAssignments\GhuunAssignments.csproj", "{BF7FE4B7-354D-4F4E-B70D-94FA0D989778}"
EndProject
Project("{9A19103F-16F7-4668-BE54-9A1E7A4F7556}") = "Sheets", "Sheets\Sheets.csproj", "{5B880069-9BDA-444B-8FD2-6AC11B51F7AE}"
EndProject
Project("{FAE04EC0-301F-11D3-BF4B-00C04F79EFBC}") = "GameConcepts", "GameConcepts\GameConcepts.csproj", "{40F9DD1B-F1D0-440C-836B-32907FFE95F0}"
EndProject
Global
	GlobalSection(SolutionConfigurationPlatforms) = preSolution
		Debug|Any CPU = Debug|Any CPU
		Release|Any CPU = Release|Any CPU
	EndGlobalSection
	GlobalSection(ProjectConfigurationPlatforms) = postSolution
		{BF7FE4B7-354D-4F4E-B70D-94FA0D989778}.Debug|Any CPU.ActiveCfg = Debug|Any CPU
		{BF7FE4B7-354D-4F4E-B70D-94FA0D989778}.Debug|Any CPU.Build.0 = Debug|Any CPU
		{BF7FE4B7-354D-4F4E-B70D-94FA0D989778}.Release|Any CPU.ActiveCfg = Release|Any CPU
		{BF7FE4B7-354D-4F4E-B70D-94FA0D989778}.Release|Any CPU.Build.0 = Release|Any CPU
		{5B880069-9BDA-444B-8FD2-6AC11B51F7AE}.Debug|Any CPU.ActiveCfg = Debug|Any CPU
		{5B880069-9BDA-444B-8FD2-6AC11B51F7AE}.Debug|Any CPU.Build.0 = Debug|Any CPU
		{5B880069-9BDA-444B-8FD2-6AC11B51F7AE}.Release|Any CPU.ActiveCfg = Release|Any CPU
		{5B880069-9BDA-444B-8FD2-6AC11B51F7AE}.Release|Any CPU.Build.0 = Release|Any CPU
		{40F9DD1B-F1D0-440C-836B-32907FFE95F0}.Debug|Any CPU.ActiveCfg = Debug|Any CPU
		{40F9DD1B-F1D0-440C-836B-32907FFE95F0}.Debug|Any CPU.Build.0 = Debug|Any CPU
		{40F9DD1B-F1D0-440C-836B-32907FFE95F0}.Release|Any CPU.ActiveCfg = Release|Any CPU
		{40F9DD1B-F1D0-440C-836B-32907FFE95F0}.Release|Any CPU.Build.0 = Release|Any CPU
	EndGlobalSection
	GlobalSection(SolutionProperties) = preSolution
		HideSolutionNode = FALSE
	EndGlobalSection
	GlobalSection(ExtensibilityGlobals) = postSolution
		SolutionGuid = {C539452D-5CAD-4035-AFE1-E1702A9352A5}
	EndGlobalSection
EndGlobal
